
Microsoft Visual Studio Solution File, Format Version 12.00
# Visual Studio Version 16
VisualStudioVersion = 16.0.30104.148
MinimumVisualStudioVersion = 10.0.40219.1
Project("{9A19103F-16F7-4668-BE54-9A1E7A4F7556}") = "employer_project", "employer_project.csproj", "{725B8EAB-974C-4065-8805-EF29A739CB10}"
EndProject
Project("{FAE04EC0-301F-11D3-BF4B-00C04F79EFBC}") = "Tests", "..\NUnitTestProject3\Tests.csproj", "{F1C79F44-9C25-4398-8F6C-EA89CDBAB61E}"
EndProject
Global
	GlobalSection(SolutionConfigurationPlatforms) = preSolution
		Debug|Any CPU = Debug|Any CPU
		Release|Any CPU = Release|Any CPU
	EndGlobalSection
	GlobalSection(ProjectConfigurationPlatforms) = postSolution
		{725B8EAB-974C-4065-8805-EF29A739CB10}.Debug|Any CPU.ActiveCfg = Debug|Any CPU
		{725B8EAB-974C-4065-8805-EF29A739CB10}.Debug|Any CPU.Build.0 = Debug|Any CPU
		{725B8EAB-974C-4065-8805-EF29A739CB10}.Release|Any CPU.ActiveCfg = Release|Any CPU
		{725B8EAB-974C-4065-8805-EF29A739CB10}.Release|Any CPU.Build.0 = Release|Any CPU
		{F1C79F44-9C25-4398-8F6C-EA89CDBAB61E}.Debug|Any CPU.ActiveCfg = Debug|Any CPU
		{F1C79F44-9C25-4398-8F6C-EA89CDBAB61E}.Debug|Any CPU.Build.0 = Debug|Any CPU
		{F1C79F44-9C25-4398-8F6C-EA89CDBAB61E}.Release|Any CPU.ActiveCfg = Release|Any CPU
		{F1C79F44-9C25-4398-8F6C-EA89CDBAB61E}.Release|Any CPU.Build.0 = Release|Any CPU
	EndGlobalSection
	GlobalSection(SolutionProperties) = preSolution
		HideSolutionNode = FALSE
	EndGlobalSection
	GlobalSection(ExtensibilityGlobals) = postSolution
		SolutionGuid = {AFB618B9-C11D-439E-9A53-5D013C370937}
	EndGlobalSection
EndGlobal
